cel.dev/expr v0.24.0 h1:56OvJKSH3hDGL0ml5uSxZmz3/3Pq4tJ+fb1unVLAFcY=
cel.dev/expr v0.24.0/go.mod h1:hLPLo1W4QUmuYdA72RBX06QTs6MXw941piREPl3Yfiw=
cloud.google.com/go v0.121.2 h1:v2qQpN6Dx9x2NmwrqlesOt3Ys4ol5/lFZ6Mg1B7OJCg=
cloud.google.com/go v0.121.2/go.mod h1:nRFlrHq39MNVWu+zESP2PosMWA0ryJw8KUBZ2iZpxbw=
cloud.google.com/go v0.121.4 h1:cVvUiY0sX0xwyxPwdSU2KsF9knOVmtRyAMt8xou0iTs=
cloud.google.com/go v0.121.4/go.mod h1:XEBchUiHFJbz4lKBZwYBDHV/rSyfFktk737TLDU089s=
cloud.google.com/go/auth v0.16.2 h1:QvBAGFPLrDeoiNjyfVunhQ10HKNYuOwZ5noee0M5df4=
cloud.google.com/go/auth v0.16.2/go.mod h1:sRBas2Y1fB1vZTdurouM0AzuYQBMZinrUYL8EufhtEA=
cloud.google.com/go/auth v0.16.3 h1:kabzoQ9/bobUmnseYnBO6qQG7q4a/CffFRlJSxv2wCc=
cloud.google.com/go/auth v0.16.3/go.mod h1:NucRGjaXfzP1ltpcQ7On/VTZ0H4kWB5Jy+Y9Dnm76fA=
cloud.google.com/go/auth/oauth2adapt v0.2.8 h1:keo8NaayQZ6wimpNSmW5OPc283g65QNIiLpZnkHRbnc=
cloud.google.com/go/auth/oauth2adapt v0.2.8/go.mod h1:XQ9y31RkqZCcwJWNSx2Xvric3RrU88hAYYbjDWYDL+c=
cloud.google.com/go/compute/metadata v0.7.0 h1:PBWF+iiAerVNe8UCHxdOt6eHLVc3ydFeOCw78U8ytSU=
cloud.google.com/go/compute/metadata v0.7.0/go.mod h1:j5MvL9PprKL39t166CoB1uVHfQMs4tFQZZcKwksXUjo=
cloud.google.com/go/iam v1.5.2 h1:qgFRAGEmd8z6dJ/qyEchAuL9jpswyODjA2lS+w234g8=
cloud.google.com/go/iam v1.5.2/go.mod h1:SE1vg0N81zQqLzQEwxL2WI6yhetBdbNQuTvIKCSkUHE=
cloud.google.com/go/longrunning v0.6.7 h1:IGtfDWHhQCgCjwQjV9iiLnUta9LBCo8R9QmAFsS/PrE=
cloud.google.com/go/longrunning v0.6.7/go.mod h1:EAFV3IZAKmM56TyiE6VAP3VoTzhZzySwI/YI1s/nRsY=
cloud.google.com/go/monitoring v1.24.2 h1:5OTsoJ1dXYIiMiuL+sYscLc9BumrL3CarVLL7dd7lHM=
cloud.google.com/go/monitoring v1.24.2/go.mod h1:x7yzPWcgDRnPEv3sI+jJGBkwl5qINf+6qY4eq0I9B4U=
cloud.google.com/go/storage v1.55.0 h1:NESjdAToN9u1tmhVqhXCaCwYBuvEhZLLv0gBr+2znf0=
cloud.google.com/go/storage v1.55.0/go.mod h1:ztSmTTwzsdXe5syLVS0YsbFxXuvEmEyZj7v7zChEmuY=
cloud.google.com/go/storage v1.56.0 h1:iixmq2Fse2tqxMbWhLWC9HfBj1qdxqAmiK8/eqtsLxI=
cloud.google.com/go/storage v1.56.0/go.mod h1:Tpuj6t4NweCLzlNbw9Z9iwxEkrSem20AetIeH/shgVU=
cloud.google.com/go/texttospeech v1.13.0 h1:oWWFQp0yFl4EJOr3opDkKH9304wUsZjgPjrTDS6S1a8=
cloud.google.com/go/texttospeech v1.13.0/go.mod h1:g/tW/m0VJnulGncDrAoad6WdELMTes8eb77Idz+4HCo=
github.com/GoogleCloudPlatform/opentelemetry-operations-go/detectors/gcp v1.28.0 h1:VaFXBL0NJpiFBtw4aVJpKHeKULVTcHpD+/G0ibZkcBw=
github.com/GoogleCloudPlatform/opentelemetry-operations-go/detectors/gcp v1.28.0/go.mod h1:JXkPazkEc/dZTHzOlzv2vT1DlpWSTbSLmu/1KY6Ly0I=
github.com/GoogleCloudPlatform/opentelemetry-operations-go/exporter/metric v0.52.0 h1:QFgWzcdmJlgEAwJz/zePYVJQxfoJGRtgIqZfIUFg5oQ=
github.com/GoogleCloudPlatform/opentelemetry-operations-go/exporter/metric v0.52.0/go.mod h1:ayYHuYU7iNcNtEs1K9k6D/Bju7u1VEHMQm5qQ1n3GtM=
github.com/GoogleCloudPlatform/opentelemetry-operations-go/exporter/metric v0.53.0 h1:owcC2UnmsZycprQ5RfRgjydWhuoxg71LUfyiQdijZuM=
github.com/GoogleCloudPlatform/opentelemetry-operations-go/exporter/metric v0.53.0/go.mod h1:ZPpqegjbE99EPKsu3iUWV22A04wzGPcAY/ziSIQEEgs=
github.com/GoogleCloudPlatform/opentelemetry-operations-go/internal/resourcemapping v0.52.0 h1:wbMd4eG/fOhsCa6+IP8uEDvWF5vl7rNoUWmP5f72Tbs=
github.com/GoogleCloudPlatform/opentelemetry-operations-go/internal/resourcemapping v0.52.0/go.mod h1:gdIm9TxRk5soClCwuB0FtdXsbqtw0aqPwBEurK9tPkw=
github.com/GoogleCloudPlatform/opentelemetry-operations-go/internal/resourcemapping v0.53.0 h1:Ron4zCA/yk6U7WOBXhTJcDpsUBG9npumK6xw2auFltQ=
github.com/GoogleCloudPlatform/opentelemetry-operations-go/internal/resourcemapping v0.53.0/go.mod h1:cSgYe11MCNYunTnRXrKiR/tHc0eoKjICUuWpNZoVCOo=
github.com/GoogleCloudPlatform/vertex-ai-creative-studio/experiments/mcp-genmedia/mcp-genmedia-go/mcp-common v0.0.0-20250610160408-015aa5881090 h1:VeNAR7UN3UYyOeXbLoCMjKzqqS1x4DFnIDNWuLGXXQE=
github.com/GoogleCloudPlatform/vertex-ai-creative-studio/experiments/mcp-genmedia/mcp-genmedia-go/mcp-common v0.0.0-20250610160408-015aa5881090/go.mod h1:3Su/9kCrhdiArR3npuVwOF//90ZN+LW5DeLRjeiyIOY=
github.com/GoogleCloudPlatform/vertex-ai-creative-studio/experiments/mcp-genmedia/mcp-genmedia-go/mcp-common v0.0.0-20250622135216-e9cc6cfafdac h1:j7/Mi+RhHz1n7vPHSKlCeNwNMsO1TeOcVKQTQTt5B+U=
github.com/GoogleCloudPlatform/vertex-ai-creative-studio/experiments/mcp-genmedia/mcp-genmedia-go/mcp-common v0.0.0-20250622135216-e9cc6cfafdac/go.mod h1:3Su/9kCrhdiArR3npuVwOF//90ZN+LW5DeLRjeiyIOY=
github.com/GoogleCloudPlatform/vertex-ai-creative-studio/experiments/mcp-genmedia/mcp-genmedia-go/mcp-common v0.0.0-20250625144310-65eef5178b63 h1:6JqNz/l52o54gEw+lRHo5DkkYhp6rE3fOJNxFXfp4Go=
github.com/GoogleCloudPlatform/vertex-ai-creative-studio/experiments/mcp-genmedia/mcp-genmedia-go/mcp-common v0.0.0-20250625144310-65eef5178b63/go.mod h1:3Su/9kCrhdiArR3npuVwOF//90ZN+LW5DeLRjeiyIOY=
github.com/GoogleCloudPlatform/vertex-ai-creative-studio/experiments/mcp-genmedia/mcp-genmedia-go/mcp-common v0.0.0-20250625220510-c9cb050f0f91 h1:GmbY1jVz8G1m2y8LPJ2m9d1bEVHBPnSLJttvMGf+o2A=
github.com/GoogleCloudPlatform/vertex-ai-creative-studio/experiments/mcp-genmedia/mcp-genmedia-go/mcp-common v0.0.0-20250625220510-c9cb050f0f91/go.mod h1:3Su/9kCrhdiArR3npuVwOF//90ZN+LW5DeLRjeiyIOY=
github.com/GoogleCloudPlatform/vertex-ai-creative-studio/experiments/mcp-genmedia/mcp-genmedia-go/mcp-common v0.0.0-20250626003457-c453ad3df794 h1:e2AsfCwZTo83AhYln5U7pDYjMZPfAHs7nYTakWh8WMs=
github.com/GoogleCloudPlatform/vertex-ai-creative-studio/experiments/mcp-genmedia/mcp-genmedia-go/mcp-common v0.0.0-20250626003457-c453ad3df794/go.mod h1:3Su/9kCrhdiArR3npuVwOF//90ZN+LW5DeLRjeiyIOY=
github.com/GoogleCloudPlatform/vertex-ai-creative-studio/experiments/mcp-genmedia/mcp-genmedia-go/mcp-common v0.0.0-20250629191938-bd3907287d82 h1:ZqYiZer+8XWS9UHF+bHQZWN/yrPHsPV+3/HXGg1dPbQ=
github.com/GoogleCloudPlatform/vertex-ai-creative-studio/experiments/mcp-genmedia/mcp-genmedia-go/mcp-common v0.0.0-20250629191938-bd3907287d82/go.mod h1:3Su/9kCrhdiArR3npuVwOF//90ZN+LW5DeLRjeiyIOY=
github.com/GoogleCloudPlatform/vertex-ai-creative-studio/experiments/mcp-genmedia/mcp-genmedia-go/mcp-common v0.0.0-20250701131840-273d5c397edd h1:BBGyzJzVrF4CMMljLZ06jCo/pdLkkvZnMuBZ+MbVcJ4=
github.com/GoogleCloudPlatform/vertex-ai-creative-studio/experiments/mcp-genmedia/mcp-genmedia-go/mcp-common v0.0.0-20250701131840-273d5c397edd/go.mod h1:3Su/9kCrhdiArR3npuVwOF//90ZN+LW5DeLRjeiyIOY=
github.com/GoogleCloudPlatform/vertex-ai-creative-studio/experiments/mcp-genmedia/mcp-genmedia-go/mcp-common v0.0.0-20250702201100-5df3568f6a4d h1:HNzANZuSdDb4m62Z0euaIIt9zgMtQj/A9FU+Y7ozgL0=
github.com/GoogleCloudPlatform/vertex-ai-creative-studio/experiments/mcp-genmedia/mcp-genmedia-go/mcp-common v0.0.0-20250702201100-5df3568f6a4d/go.mod h1:gn1VXDBMRwfHKk/9u5uqdhq34mF7dX8eoXCZup/rn3A=
github.com/GoogleCloudPlatform/vertex-ai-creative-studio/experiments/mcp-genmedia/mcp-genmedia-go/mcp-common v0.0.0-20250704122548-c2707ee09f1d h1:fIv24KPAOAfZauJQKZWPMeLkH6fJ2ts9e9BQKWkjqoY=
github.com/GoogleCloudPlatform/vertex-ai-creative-studio/experiments/mcp-genmedia/mcp-genmedia-go/mcp-common v0.0.0-20250704122548-c2707ee09f1d/go.mod h1:gn1VXDBMRwfHKk/9u5uqdhq34mF7dX8eoXCZup/rn3A=
github.com/GoogleCloudPlatform/vertex-ai-creative-studio/experiments/mcp-genmedia/mcp-genmedia-go/mcp-common v0.0.0-20250706152259-f005c5ca1151 h1:CS/uNEAw+mOu91XhRAr6/f7Ci2ZixX5JptX6iMnAJTU=
github.com/GoogleCloudPlatform/vertex-ai-creative-studio/experiments/mcp-genmedia/mcp-genmedia-go/mcp-common v0.0.0-20250706152259-f005c5ca1151/go.mod h1:gn1VXDBMRwfHKk/9u5uqdhq34mF7dX8eoXCZup/rn3A=
github.com/GoogleCloudPlatform/vertex-ai-creative-studio/experiments/mcp-genmedia/mcp-genmedia-go/mcp-common v0.0.0-20250706202949-8034e2e08297 h1:7XlGiDYvVhETlBOer1gNRRxSB5XF+tOil+n4yixhH/c=
github.com/GoogleCloudPlatform/vertex-ai-creative-studio/experiments/mcp-genmedia/mcp-genmedia-go/mcp-common v0.0.0-20250706202949-8034e2e08297/go.mod h1:gn1VXDBMRwfHKk/9u5uqdhq34mF7dX8eoXCZup/rn3A=
github.com/GoogleCloudPlatform/vertex-ai-creative-studio/experiments/mcp-genmedia/mcp-genmedia-go/mcp-common v0.0.0-20250707134109-522b8ee62701 h1:ledmPAejrV3PpGib1CC0hCN1p1PTHtvtFQtn6DFgeds=
github.com/GoogleCloudPlatform/vertex-ai-creative-studio/experiments/mcp-genmedia/mcp-genmedia-go/mcp-common v0.0.0-20250707134109-522b8ee62701/go.mod h1:gn1VXDBMRwfHKk/9u5uqdhq34mF7dX8eoXCZup/rn3A=
github.com/GoogleCloudPlatform/vertex-ai-creative-studio/experiments/mcp-genmedia/mcp-genmedia-go/mcp-common v0.0.0-20250707134551-c5824d99db17 h1:UO65BSAb+ieAlRO3RYxaRknu2JUa04xECijOVKh2hMQ=
github.com/GoogleCloudPlatform/vertex-ai-creative-studio/experiments/mcp-genmedia/mcp-genmedia-go/mcp-common v0.0.0-20250707134551-c5824d99db17/go.mod h1:gn1VXDBMRwfHKk/9u5uqdhq34mF7dX8eoXCZup/rn3A=
github.com/GoogleCloudPlatform/vertex-ai-creative-studio/experiments/mcp-genmedia/mcp-genmedia-go/mcp-common v0.0.0-20250707213652-c7eda9716676 h1:TbiSfCmr5ywukNIo3xvbeum9+jdSuH8eYexUHKcrSbA=
github.com/GoogleCloudPlatform/vertex-ai-creative-studio/experiments/mcp-genmedia/mcp-genmedia-go/mcp-common v0.0.0-20250707213652-c7eda9716676/go.mod h1:gn1VXDBMRwfHKk/9u5uqdhq34mF7dX8eoXCZup/rn3A=
github.com/GoogleCloudPlatform/vertex-ai-creative-studio/experiments/mcp-genmedia/mcp-genmedia-go/mcp-common v0.0.0-20250708044320-1c26dbee363d h1:lnVFfSRTlSeNc8+O9PmdwF9P2siYwckeQvjqNs7/9Sg=
github.com/GoogleCloudPlatform/vertex-ai-creative-studio/experiments/mcp-genmedia/mcp-genmedia-go/mcp-common v0.0.0-20250708044320-1c26dbee363d/go.mod h1:gn1VXDBMRwfHKk/9u5uqdhq34mF7dX8eoXCZup/rn3A=
github.com/GoogleCloudPlatform/vertex-ai-creative-studio/experiments/mcp-genmedia/mcp-genmedia-go/mcp-common v0.0.0-20250708153339-c3b7cdff370d h1:M9K14DCXv95H0y/lCKgK8YHZXV846NplhV8tS4UIxf4=
github.com/GoogleCloudPlatform/vertex-ai-creative-studio/experiments/mcp-genmedia/mcp-genmedia-go/mcp-common v0.0.0-20250708153339-c3b7cdff370d/go.mod h1:gn1VXDBMRwfHKk/9u5uqdhq34mF7dX8eoXCZup/rn3A=
github.com/GoogleCloudPlatform/vertex-ai-creative-studio/experiments/mcp-genmedia/mcp-genmedia-go/mcp-common v0.0.0-20250708222015-ac3b4a036ef6 h1:AB1A6s+GjQ3Qle8PRbPQ6PhhhARWSnpE/Oo/+eSbYEg=
github.com/GoogleCloudPlatform/vertex-ai-creative-studio/experiments/mcp-genmedia/mcp-genmedia-go/mcp-common v0.0.0-20250708222015-ac3b4a036ef6/go.mod h1:gn1VXDBMRwfHKk/9u5uqdhq34mF7dX8eoXCZup/rn3A=
github.com/GoogleCloudPlatform/vertex-ai-creative-studio/experiments/mcp-genmedia/mcp-genmedia-go/mcp-common v0.0.0-20250709052921-1953768fb36a h1:ncjdr2bvIEK5v+Z28cWugq+5Wi8XpaD0k8tgBx81voE=
github.com/GoogleCloudPlatform/vertex-ai-creative-studio/experiments/mcp-genmedia/mcp-genmedia-go/mcp-common v0.0.0-20250709052921-1953768fb36a/go.mod h1:gn1VXDBMRwfHKk/9u5uqdhq34mF7dX8eoXCZup/rn3A=
github.com/GoogleCloudPlatform/vertex-ai-creative-studio/experiments/mcp-genmedia/mcp-genmedia-go/mcp-common v0.0.0-20250709152012-0c973bc621bc h1:Lbh6pUfxofk5QllczBrcz2YsNeTWvgN+bts6BAEnRj0=
github.com/GoogleCloudPlatform/vertex-ai-creative-studio/experiments/mcp-genmedia/mcp-genmedia-go/mcp-common v0.0.0-20250709152012-0c973bc621bc/go.mod h1:gn1VXDBMRwfHKk/9u5uqdhq34mF7dX8eoXCZup/rn3A=
github.com/GoogleCloudPlatform/vertex-ai-creative-studio/experiments/mcp-genmedia/mcp-genmedia-go/mcp-common v0.0.0-20250709211903-8d423df86e5f h1:Gz33+9Hqu1TxWer1tcAqSIwsK8izZKJjOk1Rbad7+KU=
github.com/GoogleCloudPlatform/vertex-ai-creative-studio/experiments/mcp-genmedia/mcp-genmedia-go/mcp-common v0.0.0-20250709211903-8d423df86e5f/go.mod h1:gn1VXDBMRwfHKk/9u5uqdhq34mF7dX8eoXCZup/rn3A=
github.com/GoogleCloudPlatform/vertex-ai-creative-studio/experiments/mcp-genmedia/mcp-genmedia-go/mcp-common v0.0.0-20250710184204-bcb8c12fbd5e h1:u4Ouo8v2WfML1chUycqEeSE7VYu7Ih54OVX1h0aKT2I=
github.com/GoogleCloudPlatform/vertex-ai-creative-studio/experiments/mcp-genmedia/mcp-genmedia-go/mcp-common v0.0.0-20250710184204-bcb8c12fbd5e/go.mod h1:gn1VXDBMRwfHKk/9u5uqdhq34mF7dX8eoXCZup/rn3A=
github.com/GoogleCloudPlatform/vertex-ai-creative-studio/experiments/mcp-genmedia/mcp-genmedia-go/mcp-common v0.0.0-20250710211048-8644348bb32e h1:qqAcnk3Y0R+heYpI4ApNn0XLWspIGGEsoIVotdg6GZU=
github.com/GoogleCloudPlatform/vertex-ai-creative-studio/experiments/mcp-genmedia/mcp-genmedia-go/mcp-common v0.0.0-20250710211048-8644348bb32e/go.mod h1:gn1VXDBMRwfHKk/9u5uqdhq34mF7dX8eoXCZup/rn3A=
github.com/GoogleCloudPlatform/vertex-ai-creative-studio/experiments/mcp-genmedia/mcp-genmedia-go/mcp-common v0.0.0-20250711175403-9232595e797d h1:09VLJQ9NfcFzkyP2vgOGf+rvRB7OopAowEsXXumIvlQ=
github.com/GoogleCloudPlatform/vertex-ai-creative-studio/experiments/mcp-genmedia/mcp-genmedia-go/mcp-common v0.0.0-20250711175403-9232595e797d/go.mod h1:gn1VXDBMRwfHKk/9u5uqdhq34mF7dX8eoXCZup/rn3A=
github.com/GoogleCloudPlatform/vertex-ai-creative-studio/experiments/mcp-genmedia/mcp-genmedia-go/mcp-common v0.0.0-20250712022012-2fc2c089b2a1 h1:+CaMhN1B2hzIglImxvKmoXGkSHkWHkT4SSp1T4+LSKY=
github.com/GoogleCloudPlatform/vertex-ai-creative-studio/experiments/mcp-genmedia/mcp-genmedia-go/mcp-common v0.0.0-20250712022012-2fc2c089b2a1/go.mod h1:gn1VXDBMRwfHKk/9u5uqdhq34mF7dX8eoXCZup/rn3A=
github.com/GoogleCloudPlatform/vertex-ai-creative-studio/experiments/mcp-genmedia/mcp-genmedia-go/mcp-common v0.0.0-20250712034615-4806ee0a1072 h1:D37xv37toMh2/zPXs5uJ72L7n9BEV6hjl1RIdE41n5Y=
github.com/GoogleCloudPlatform/vertex-ai-creative-studio/experiments/mcp-genmedia/mcp-genmedia-go/mcp-common v0.0.0-20250712034615-4806ee0a1072/go.mod h1:gn1VXDBMRwfHKk/9u5uqdhq34mF7dX8eoXCZup/rn3A=
github.com/GoogleCloudPlatform/vertex-ai-creative-studio/experiments/mcp-genmedia/mcp-genmedia-go/mcp-common v0.0.0-20250712145043-4f7ad78397e2 h1:UgBvA3BmFBwrkz8bK95Zo3d5QSTE61Ml2GYA1SopyCw=
github.com/GoogleCloudPlatform/vertex-ai-creative-studio/experiments/mcp-genmedia/mcp-genmedia-go/mcp-common v0.0.0-20250712145043-4f7ad78397e2/go.mod h1:gn1VXDBMRwfHKk/9u5uqdhq34mF7dX8eoXCZup/rn3A=
github.com/GoogleCloudPlatform/vertex-ai-creative-studio/experiments/mcp-genmedia/mcp-genmedia-go/mcp-common v0.0.0-20250712193927-2d03b9e200cc h1:wbG4TbaOAUYEqCeFW7cpfCx/mKjD1gUVMT7u4GU7ErA=
github.com/GoogleCloudPlatform/vertex-ai-creative-studio/experiments/mcp-genmedia/mcp-genmedia-go/mcp-common v0.0.0-20250712193927-2d03b9e200cc/go.mod h1:gn1VXDBMRwfHKk/9u5uqdhq34mF7dX8eoXCZup/rn3A=
github.com/GoogleCloudPlatform/vertex-ai-creative-studio/experiments/mcp-genmedia/mcp-genmedia-go/mcp-common v0.0.0-20250713154553-9303bfbf9a33 h1:DiBgeztDnQFowemCGMi+mtDgrzQa2xRsYaeFmsFraRM=
github.com/GoogleCloudPlatform/vertex-ai-creative-studio/experiments/mcp-genmedia/mcp-genmedia-go/mcp-common v0.0.0-20250713154553-9303bfbf9a33/go.mod h1:gn1VXDBMRwfHKk/9u5uqdhq34mF7dX8eoXCZup/rn3A=
github.com/GoogleCloudPlatform/vertex-ai-creative-studio/experiments/mcp-genmedia/mcp-genmedia-go/mcp-common v0.0.0-20250716022551-c3ad0355ec31 h1:3VcvJNG4MceH/2a/L0UZIhfsDu2s3BS8gDZA00dXSlE=
github.com/GoogleCloudPlatform/vertex-ai-creative-studio/experiments/mcp-genmedia/mcp-genmedia-go/mcp-common v0.0.0-20250716022551-c3ad0355ec31/go.mod h1:gn1VXDBMRwfHKk/9u5uqdhq34mF7dX8eoXCZup/rn3A=
github.com/GoogleCloudPlatform/vertex-ai-creative-studio/experiments/mcp-genmedia/mcp-genmedia-go/mcp-common v0.0.0-20250719163410-3e6395d8e2b7 h1:bccx+nd30z3/NXeE+vqSGFkBLZGJcPSj6UscxIoHbS0=
github.com/GoogleCloudPlatform/vertex-ai-creative-studio/experiments/mcp-genmedia/mcp-genmedia-go/mcp-common v0.0.0-20250719163410-3e6395d8e2b7/go.mod h1:gn1VXDBMRwfHKk/9u5uqdhq34mF7dX8eoXCZup/rn3A=
github.com/GoogleCloudPlatform/vertex-ai-creative-studio/experiments/mcp-genmedia/mcp-genmedia-go/mcp-common v0.0.0-20250722175242-a4cc10cd63b3 h1:wdnD2W1fE/BMh1HwJUvcjLbXXLYTafkXcDWA/IWnins=
github.com/GoogleCloudPlatform/vertex-ai-creative-studio/experiments/mcp-genmedia/mcp-genmedia-go/mcp-common v0.0.0-20250722175242-a4cc10cd63b3/go.mod h1:gn1VXDBMRwfHKk/9u5uqdhq34mF7dX8eoXCZup/rn3A=
github.com/GoogleCloudPlatform/vertex-ai-creative-studio/experiments/mcp-genmedia/mcp-genmedia-go/mcp-common v0.0.0-20250723015437-649d5c2e165b h1:YgZEGK5CVkZSPfgubD3blc/nDXvwGVIm6dv04p1fqfw=
github.com/GoogleCloudPlatform/vertex-ai-creative-studio/experiments/mcp-genmedia/mcp-genmedia-go/mcp-common v0.0.0-20250723015437-649d5c2e165b/go.mod h1:gn1VXDBMRwfHKk/9u5uqdhq34mF7dX8eoXCZup/rn3A=
github.com/GoogleCloudPlatform/vertex-ai-creative-studio/experiments/mcp-genmedia/mcp-genmedia-go/mcp-common v0.0.0-20250723040904-82a7cdf4ded9 h1:Qp1L/enDeoG9UzwAKXg0f3AQzyayz+vky1GIR6NZx14=
github.com/GoogleCloudPlatform/vertex-ai-creative-studio/experiments/mcp-genmedia/mcp-genmedia-go/mcp-common v0.0.0-20250723040904-82a7cdf4ded9/go.mod h1:gn1VXDBMRwfHKk/9u5uqdhq34mF7dX8eoXCZup/rn3A=
github.com/GoogleCloudPlatform/vertex-ai-creative-studio/experiments/mcp-genmedia/mcp-genmedia-go/mcp-common v0.0.0-20250725022308-b08f4156c25c h1:nBUBAghxokXwF06JFYhJXw1pzzn0ZOz02yrep+5h5/g=
github.com/GoogleCloudPlatform/vertex-ai-creative-studio/experiments/mcp-genmedia/mcp-genmedia-go/mcp-common v0.0.0-20250725022308-b08f4156c25c/go.mod h1:gn1VXDBMRwfHKk/9u5uqdhq34mF7dX8eoXCZup/rn3A=
github.com/GoogleCloudPlatform/vertex-ai-creative-studio/experiments/mcp-genmedia/mcp-genmedia-go/mcp-common v0.0.0-20250807191512-8010600d8734 h1:+whklg4l5+9o/+Mol9zNp0GiiVJt+Bzx4DCT89xoowk=
github.com/GoogleCloudPlatform/vertex-ai-creative-studio/experiments/mcp-genmedia/mcp-genmedia-go/mcp-common v0.0.0-20250807191512-8010600d8734/go.mod h1:gn1VXDBMRwfHKk/9u5uqdhq34mF7dX8eoXCZup/rn3A=
github.com/GoogleCloudPlatform/vertex-ai-creative-studio/experiments/mcp-genmedia/mcp-genmedia-go/mcp-common v0.0.0-20250807233550-c2dc0a2c5682 h1:wEF/bV6VcIHcwpyJtNEmPVR+l4kZ/JYmeZ5fh2KkDBA=
github.com/GoogleCloudPlatform/vertex-ai-creative-studio/experiments/mcp-genmedia/mcp-genmedia-go/mcp-common v0.0.0-20250807233550-c2dc0a2c5682/go.mod h1:Hid6mkANgn60dfAxsBtcqSfltXLmoNgQpAu9ONmt8wg=
github.com/GoogleCloudPlatform/vertex-ai-creative-studio/experiments/mcp-genmedia/mcp-genmedia-go/mcp-common v0.0.0-20250808054713-e1d1b6388bed h1:CNQM7HKWZhGKZBU9rkVIgfrYn94hrnle+lJ2L3TUiQ4=
github.com/GoogleCloudPlatform/vertex-ai-creative-studio/experiments/mcp-genmedia/mcp-genmedia-go/mcp-common v0.0.0-20250808054713-e1d1b6388bed/go.mod h1:Hid6mkANgn60dfAxsBtcqSfltXLmoNgQpAu9ONmt8wg=
github.com/GoogleCloudPlatform/vertex-ai-creative-studio/experiments/mcp-genmedia/mcp-genmedia-go/mcp-common v0.0.0-20250813160143-bb817709b409 h1:yX9nZfaYtuyjYttD89Gyn95TyTH9FVTPbdjIcXGMe0c=
github.com/GoogleCloudPlatform/vertex-ai-creative-studio/experiments/mcp-genmedia/mcp-genmedia-go/mcp-common v0.0.0-20250813160143-bb817709b409/go.mod h1:Hid6mkANgn60dfAxsBtcqSfltXLmoNgQpAu9ONmt8wg=
github.com/bahlo/generic-list-go v0.2.0 h1:5sz/EEAK+ls5wF+NeqDpk5+iNdMDXrh3z3nPnH1Wvgk=
github.com/bahlo/generic-list-go v0.2.0/go.mod h1:2KvAjgMlE5NNynlg/5iLrrCCZ2+5xWbdbCW3pNTGyYg=
github.com/buger/jsonparser v1.1.1 h1:2PnMjfWD7wBILjqQbt530v576A/cAbQvEW9gGIpYMUs=
github.com/buger/jsonparser v1.1.1/go.mod h1:6RYKKt7H4d4+iWqouImQ9R2FZql3VbhNgx27UK13J/0=
github.com/cenkalti/backoff/v5 v5.0.2 h1:rIfFVxEf1QsI7E1ZHfp/B4DF/6QBAUhmgkxc0H7Zss8=
github.com/cenkalti/backoff/v5 v5.0.2/go.mod h1:rkhZdG3JZukswDf7f0cwqPNk4K0sa+F97BxZthm/crw=
github.com/cespare/xxhash/v2 v2.3.0 h1:UL815xU9SqsFlibzuggzjXhog7bL6oX9BbNZnL2UFvs=
github.com/cespare/xxhash/v2 v2.3.0/go.mod h1:VGX0DQ3Q6kWi7AoAeZDth3/j3BFtOZR5XLFGgcrjCOs=
github.com/cncf/xds/go v0.0.0-20250501225837-2ac532fd4443 h1:aQ3y1lwWyqYPiWZThqv1aFbZMiM9vblcSArJRf2Irls=
github.com/cncf/xds/go v0.0.0-20250501225837-2ac532fd4443/go.mod h1:W+zGtBO5Y1IgJhy4+A9GOqVhqLpfZi+vwmdNXUehLA8=
github.com/davecgh/go-spew v1.1.2-0.20180830191138-d8f796af33cc h1:U9qPSI2PIWSS1VwoXQT9A3Wy9MM3WgvqSxFWenqJduM=
github.com/davecgh/go-spew v1.1.2-0.20180830191138-d8f796af33cc/go.mod h1:J7Y8YcW2NihsgmVo/mv3lAwl/skON4iLHjSsI+c5H38=
github.com/envoyproxy/go-control-plane v0.13.4 h1:zEqyPVyku6IvWCFwux4x9RxkLOMUL+1vC9xUFv5l2/M=
github.com/envoyproxy/go-control-plane/envoy v1.32.4 h1:jb83lalDRZSpPWW2Z7Mck/8kXZ5CQAFYVjQcdVIr83A=
github.com/envoyproxy/go-control-plane/envoy v1.32.4/go.mod h1:Gzjc5k8JcJswLjAx1Zm+wSYE20UrLtt7JZMWiWQXQEw=
github.com/envoyproxy/protoc-gen-validate v1.2.1 h1:DEo3O99U8j4hBFwbJfrz9VtgcDfUKS7KJ7spH3d86P8=
github.com/envoyproxy/protoc-gen-validate v1.2.1/go.mod h1:d/C80l/jxXLdfEIhX1W2TmLfsJ31lvEjwamM4DxlWXU=
github.com/felixge/httpsnoop v1.0.4 h1:NFTV2Zj1bL4mc9sqWACXbQFVBBg2W3GPvqp8/ESS2Wg=
github.com/felixge/httpsnoop v1.0.4/go.mod h1:m8KPJKqk1gH5J9DgRY2ASl2lWCfGKXixSwevea8zH2U=
github.com/frankban/quicktest v1.14.6 h1:7Xjx+VpznH+oBnejlPUj8oUpdxnVs4f8XU8WnHkI4W8=
github.com/frankban/quicktest v1.14.6/go.mod h1:4ptaffx2x8+WTWXmUCuVU6aPUX1/Mz7zb5vbUoiM6w0=
github.com/go-jose/go-jose/v4 v4.1.0 h1:cYSYxd3pw5zd2FSXk2vGdn9igQU2PS8MuxrCOCl0FdY=
github.com/go-jose/go-jose/v4 v4.1.0/go.mod h1:GG/vqmYm3Von2nYiB2vGTXzdoNKE5tix5tuc6iAd+sw=
github.com/go-logr/logr v1.2.2/go.mod h1:jdQByPbusPIv2/zmleS9BjJVeZ6kBagPoEUsqbVz/1A=
github.com/go-logr/logr v1.4.3 h1:CjnDlHq8ikf6E492q6eKboGOC0T8CDaOvkHCIg8idEI=
github.com/go-logr/logr v1.4.3/go.mod h1:9T104GzyrTigFIr8wt5mBrctHMim0Nb2HLGrmQ40KvY=
github.com/go-logr/stdr v1.2.2 h1:hSWxHoqTgW2S2qGc0LTAI563KZ5YKYRhT3MFKZMbjag=
github.com/go-logr/stdr v1.2.2/go.mod h1:mMo/vtBO5dYbehREoey6XUKy/eSumjCCveDpRre4VKE=
github.com/golang/protobuf v1.5.4 h1:i7eJL8qZTpSEXOPTxNKhASYpMn+8e5Q6AdndVa1dWek=
github.com/golang/protobuf v1.5.4/go.mod h1:lnTiLA8Wa4RWRcIUkrtSVa5nRhsEGBg48fD6rSs7xps=
github.com/google/go-cmp v0.7.0 h1:wk8382ETsv4JYUZwIsn6YpYiWiBsYLSJiTsyBybVuN8=
github.com/google/go-cmp v0.7.0/go.mod h1:pXiqmnSA92OHEEa9HXL2W4E7lf9JzCmGVUdgjX3N/iU=
github.com/google/s2a-go v0.1.9 h1:LGD7gtMgezd8a/Xak7mEWL0PjoTQFvpRudN895yqKW0=
github.com/google/s2a-go v0.1.9/go.mod h1:YA0Ei2ZQL3acow2O62kdp9UlnvMmU7kA6Eutn0dXayM=
github.com/google/uuid v1.6.0 h1:NIvaJDMOsjHA8n1jAhLSgzrAzy1Hgr+hNrb57e+94F0=
github.com/google/uuid v1.6.0/go.mod h1:TIyPZe4MgqvfeYDBFedMoGGpEw/LqOeaOT+nhxU+yHo=
github.com/googleapis/enterprise-certificate-proxy v0.3.6 h1:GW/XbdyBFQ8Qe+YAmFU9uHLo7OnF5tL52HFAgMmyrf4=
github.com/googleapis/enterprise-certificate-proxy v0.3.6/go.mod h1:MkHOF77EYAE7qfSuSS9PU6g4Nt4e11cnsDUowfwewLA=
github.com/googleapis/gax-go/v2 v2.14.2 h1:eBLnkZ9635krYIPD+ag1USrOAI0Nr0QYF3+/3GqO0k0=
github.com/googleapis/gax-go/v2 v2.14.2/go.mod h1:ON64QhlJkhVtSqp4v1uaK92VyZ2gmvDQsweuyLV+8+w=
github.com/googleapis/gax-go/v2 v2.15.0 h1:SyjDc1mGgZU5LncH8gimWo9lW1DtIfPibOG81vgd/bo=
github.com/googleapis/gax-go/v2 v2.15.0/go.mod h1:zVVkkxAQHa1RQpg9z2AUCMnKhi0Qld9rcmyfL1OZhoc=
github.com/grpc-ecosystem/grpc-gateway/v2 v2.26.3 h1:5ZPtiqj0JL5oKWmcsq4VMaAW5ukBEgSGXEN89zeH1Jo=
github.com/grpc-ecosystem/grpc-gateway/v2 v2.26.3/go.mod h1:ndYquD05frm2vACXE1nsccT4oJzjhw2arTS2cpUD1PI=
github.com/grpc-ecosystem/grpc-gateway/v2 v2.27.1 h1:X5VWvz21y3gzm9Nw/kaUeku/1+uBhcekkmy4IkffJww=
github.com/grpc-ecosystem/grpc-gateway/v2 v2.27.1/go.mod h1:Zanoh4+gvIgluNqcfMVTJueD4wSS5hT7zTt4Mrutd90=
github.com/invopop/jsonschema v0.13.0 h1:KvpoAJWEjR3uD9Kbm2HWJmqsEaHt8lBUpd0qHcIi21E=
github.com/invopop/jsonschema v0.13.0/go.mod h1:ffZ5Km5SWWRAIN6wbDXItl95euhFz2uON45H2qjYt+0=
github.com/josharian/intern v1.0.0/go.mod h1:5DoeVV0s6jJacbCEi61lwdGj/aVlrQvzHFFd8Hwg//Y=
github.com/kr/pretty v0.3.1 h1:flRD4NNwYAUpkphVc1HcthR4KEIFJ65n8Mw5qdRn3LE=
github.com/kr/pretty v0.3.1/go.mod h1:hoEshYVHaxMs3cyo3Yncou5ZscifuDolrwPKZanG3xk=
github.com/kr/text v0.2.0 h1:5Nx0Ya0ZqY2ygV366QzturHI13Jq95ApcVaJBhpS+AY=
github.com/kr/text v0.2.0/go.mod h1:eLer722TekiGuMkidMxC/pM04lWEeraHUUmBw8l2grE=
github.com/mailru/easyjson v0.7.7 h1:UGYAvKxe3sBsEDzO8ZeWOSlIQfWFlxbzLZe7hwFURr0=
github.com/mailru/easyjson v0.7.7/go.mod h1:xzfreul335JAWq5oZzymOObrkdz5UnU4kGfJJLY9Nlc=
github.com/mark3labs/mcp-go v0.30.1 h1:3R1BPvNT/rC1iPpLx+EMXFy+gvux/Mz/Nio3c6XEU9E=
github.com/mark3labs/mcp-go v0.30.1/go.mod h1:rXqOudj/djTORU/ThxYx8fqEVj/5pvTuuebQ2RC7uk4=
github.com/mark3labs/mcp-go v0.32.0 h1:fgwmbfL2gbd67obg57OfV2Dnrhs1HtSdlY/i5fn7MU8=
github.com/mark3labs/mcp-go v0.32.0/go.mod h1:rXqOudj/djTORU/ThxYx8fqEVj/5pvTuuebQ2RC7uk4=
github.com/mark3labs/mcp-go v0.33.0 h1:naxhjnTIs/tyPZmWUZFuG0lDmdA6sUyYGGf3gsHvTCc=
github.com/mark3labs/mcp-go v0.33.0/go.mod h1:rXqOudj/djTORU/ThxYx8fqEVj/5pvTuuebQ2RC7uk4=
github.com/mark3labs/mcp-go v0.34.0 h1:eWy7WBGvhk6EyAAyVzivTCprE52iXJwNtvHV6Cv3bR0=
github.com/mark3labs/mcp-go v0.34.0/go.mod h1:rXqOudj/djTORU/ThxYx8fqEVj/5pvTuuebQ2RC7uk4=
github.com/mark3labs/mcp-go v0.37.0 h1:BywvZLPRT6Zx6mMG/MJfxLSZQkTGIcJSEGKsvr4DsoQ=
github.com/mark3labs/mcp-go v0.37.0/go.mod h1:T7tUa2jO6MavG+3P25Oy/jR7iCeJPHImCZHRymCn39g=
github.com/planetscale/vtprotobuf v0.6.1-0.20240319094008-0393e58bdf10 h1:GFCKgmp0tecUJ0sJuv4pzYCqS9+RGSn52M3FUwPs+uo=
github.com/planetscale/vtprotobuf v0.6.1-0.20240319094008-0393e58bdf10/go.mod h1:t/avpk3KcrXxUnYOhZhMXJlSEyie6gQbtLq5NM3loB8=
github.com/pmezard/go-difflib v1.0.1-0.20181226105442-5d4384ee4fb2 h1:Jamvg5psRIccs7FGNTlIRMkT8wgtp5eCXdBlqhYGL6U=
github.com/pmezard/go-difflib v1.0.1-0.20181226105442-5d4384ee4fb2/go.mod h1:iKH77koFhYxTK1pcRnkKkqfTogsbg7gZNVY4sRDYZ/4=
github.com/rogpeppe/go-internal v1.13.1 h1:KvO1DLK/DRN07sQ1LQKScxyZJuNnedQ5/wKSR38lUII=
github.com/rogpeppe/go-internal v1.13.1/go.mod h1:uMEvuHeurkdAXX61udpOXGD/AzZDWNMNyH2VO9fmH0o=
github.com/rs/cors v1.11.1 h1:eU3gRzXLRK57F5rKMGMZURNdIG4EoAmX8k94r9wXWHA=
github.com/rs/cors v1.11.1/go.mod h1:XyqrcTp5zjWr1wsJ8PIRZssZ8b/WMcMf71DJnit4EMU=
github.com/spf13/cast v1.9.2 h1:SsGfm7M8QOFtEzumm7UZrZdLLquNdzFYfIbEXntcFbE=
github.com/spf13/cast v1.9.2/go.mod h1:jNfB8QC9IA6ZuY2ZjDp0KtFO2LZZlg4S/7bzP6qqeHo=
github.com/spiffe/go-spiffe/v2 v2.5.0 h1:N2I01KCUkv1FAjZXJMwh95KK1ZIQLYbPfhaxw8WS0hE=
github.com/spiffe/go-spiffe/v2 v2.5.0/go.mod h1:P+NxobPc6wXhVtINNtFjNWGBTreew1GBUCwT2wPmb7g=
github.com/stretchr/testify v1.10.0 h1:Xv5erBjTwe/5IxqUQTdXv5kgmIvbHo3QQyRwhJsOfJA=
github.com/stretchr/testify v1.10.0/go.mod h1:r2ic/lqez/lEtzL7wO/rwa5dbSLXVDPFyf8C91i36aY=
github.com/teris-io/shortid v0.0.0-20220617161101-71ec9f2aa569 h1:xzABM9let0HLLqFypcxvLmlvEciCHL7+Lv+4vwZqecI=
github.com/teris-io/shortid v0.0.0-20220617161101-71ec9f2aa569/go.mod h1:2Ly+NIftZN4de9zRmENdYbvPQeaVIYKWpLFStLFEBgI=
github.com/wk8/go-ordered-map/v2 v2.1.8 h1:5h/BUHu93oj4gIdvHHHGsScSTMijfx5PeYkE/fJgbpc=
github.com/wk8/go-ordered-map/v2 v2.1.8/go.mod h1:5nJHM5DyteebpVlHnWMV0rPz6Zp7+xBAnxjb1X5vnTw=
github.com/yosida95/uritemplate/v3 v3.0.2 h1:Ed3Oyj9yrmi9087+NczuL5BwkIc4wvTb5zIM+UJPGz4=
github.com/yosida95/uritemplate/v3 v3.0.2/go.mod h1:ILOh0sOhIJR3+L/8afwt/kE++YT040gmv5BQTMR2HP4=
github.com/zeebo/errs v1.4.0 h1:XNdoD/RRMKP7HD0UhJnIzUy74ISdGGxURlYG8HSWSfM=
github.com/zeebo/errs v1.4.0/go.mod h1:sgbWHsvVuTPHcqJJGQ1WhI5KbWlHYz+2+2C/LSEtCw4=
go.opentelemetry.io/auto/sdk v1.1.0 h1:cH53jehLUN6UFLY71z+NDOiNJqDdPRaXzTel0sJySYA=
go.opentelemetry.io/auto/sdk v1.1.0/go.mod h1:3wSPjt5PWp2RhlCcmmOial7AvC4DQqZb7a7wCow3W8A=
go.opentelemetry.io/contrib/detectors/gcp v1.36.0 h1:F7q2tNlCaHY9nMKHR6XH9/qkp8FktLnIcy6jJNyOCQw=
go.opentelemetry.io/contrib/detectors/gcp v1.36.0/go.mod h1:IbBN8uAIIx734PTonTPxAxnjc2pQTxWNkwfstZ+6H2k=
go.opentelemetry.io/contrib/instrumentation/google.golang.org/grpc/otelgrpc v0.61.0 h1:q4XOmH/0opmeuJtPsbFNivyl7bCt7yRBbeEm2sC/XtQ=
go.opentelemetry.io/contrib/instrumentation/google.golang.org/grpc/otelgrpc v0.61.0/go.mod h1:snMWehoOh2wsEwnvvwtDyFCxVeDAODenXHtn5vzrKjo=
go.opentelemetry.io/contrib/instrumentation/net/http/otelhttp v0.61.0 h1:F7Jx+6hwnZ41NSFTO5q4LYDtJRXBf2PD0rNBkeB/lus=
go.opentelemetry.io/contrib/instrumentation/net/http/otelhttp v0.61.0/go.mod h1:UHB22Z8QsdRDrnAtX4PntOl36ajSxcdUMt1sF7Y6E7Q=
go.opentelemetry.io/otel v1.36.0 h1:UumtzIklRBY6cI/lllNZlALOF5nNIzJVb16APdvgTXg=
go.opentelemetry.io/otel v1.36.0/go.mod h1:/TcFMXYjyRNh8khOAO9ybYkqaDBb/70aVwkNML4pP8E=
go.opentelemetry.io/otel v1.37.0 h1:9zhNfelUvx0KBfu/gb+ZgeAfAgtWrfHJZcAqFC228wQ=
go.opentelemetry.io/otel v1.37.0/go.mod h1:ehE/umFRLnuLa/vSccNq9oS1ErUlkkK71gMcN34UG8I=
go.opentelemetry.io/otel/exporters/otlp/otlptrace v1.36.0 h1:dNzwXjZKpMpE2JhmO+9HsPl42NIXFIFSUSSs0fiqra0=
go.opentelemetry.io/otel/exporters/otlp/otlptrace v1.36.0/go.mod h1:90PoxvaEB5n6AOdZvi+yWJQoE95U8Dhhw2bSyRqnTD0=
go.opentelemetry.io/otel/exporters/otlp/otlptrace v1.37.0 h1:Ahq7pZmv87yiyn3jeFz/LekZmPLLdKejuO3NcK9MssM=
go.opentelemetry.io/otel/exporters/otlp/otlptrace v1.37.0/go.mod h1:MJTqhM0im3mRLw1i8uGHnCvUEeS7VwRyxlLC78PA18M=
go.opentelemetry.io/otel/exporters/otlp/otlptrace/otlptracegrpc v1.36.0 h1:JgtbA0xkWHnTmYk7YusopJFX6uleBmAuZ8n05NEh8nQ=
go.opentelemetry.io/otel/exporters/otlp/otlptrace/otlptracegrpc v1.36.0/go.mod h1:179AK5aar5R3eS9FucPy6rggvU0g52cvKId8pv4+v0c=
go.opentelemetry.io/otel/exporters/otlp/otlptrace/otlptracegrpc v1.37.0 h1:EtFWSnwW9hGObjkIdmlnWSydO+Qs8OwzfzXLUPg4xOc=
go.opentelemetry.io/otel/exporters/otlp/otlptrace/otlptracegrpc v1.37.0/go.mod h1:QjUEoiGCPkvFZ/MjK6ZZfNOS6mfVEVKYE99dFhuN2LI=
go.opentelemetry.io/otel/metric v1.36.0 h1:MoWPKVhQvJ+eeXWHFBOPoBOi20jh6Iq2CcCREuTYufE=
go.opentelemetry.io/otel/metric v1.36.0/go.mod h1:zC7Ks+yeyJt4xig9DEw9kuUFe5C3zLbVjV2PzT6qzbs=
go.opentelemetry.io/otel/metric v1.37.0 h1:mvwbQS5m0tbmqML4NqK+e3aDiO02vsf/WgbsdpcPoZE=
go.opentelemetry.io/otel/metric v1.37.0/go.mod h1:04wGrZurHYKOc+RKeye86GwKiTb9FKm1WHtO+4EVr2E=
go.opentelemetry.io/otel/sdk v1.36.0 h1:b6SYIuLRs88ztox4EyrvRti80uXIFy+Sqzoh9kFULbs=
go.opentelemetry.io/otel/sdk v1.36.0/go.mod h1:+lC+mTgD+MUWfjJubi2vvXWcVxyr9rmlshZni72pXeY=
go.opentelemetry.io/otel/sdk v1.37.0 h1:ItB0QUqnjesGRvNcmAcU0LyvkVyGJ2xftD29bWdDvKI=
go.opentelemetry.io/otel/sdk v1.37.0/go.mod h1:VredYzxUvuo2q3WRcDnKDjbdvmO0sCzOvVAiY+yUkAg=
go.opentelemetry.io/otel/sdk/metric v1.36.0 h1:r0ntwwGosWGaa0CrSt8cuNuTcccMXERFwHX4dThiPis=
go.opentelemetry.io/otel/sdk/metric v1.36.0/go.mod h1:qTNOhFDfKRwX0yXOqJYegL5WRaW376QbB7P4Pb0qva4=
go.opentelemetry.io/otel/trace v1.36.0 h1:ahxWNuqZjpdiFAyrIoQ4GIiAIhxAunQR6MUoKrsNd4w=
go.opentelemetry.io/otel/trace v1.36.0/go.mod h1:gQ+OnDZzrybY4k4seLzPAWNwVBBVlF2szhehOBB/tGA=
go.opentelemetry.io/otel/trace v1.37.0 h1:HLdcFNbRQBE2imdSEgm/kwqmQj1Or1l/7bW6mxVK7z4=
go.opentelemetry.io/otel/trace v1.37.0/go.mod h1:TlgrlQ+PtQO5XFerSPUYG0JSgGyryXewPGyayAWSBS0=
go.opentelemetry.io/proto/otlp v1.7.0 h1:jX1VolD6nHuFzOYso2E73H85i92Mv8JQYk0K9vz09os=
go.opentelemetry.io/proto/otlp v1.7.0/go.mod h1:fSKjH6YJ7HDlwzltzyMj036AJ3ejJLCgCSHGj4efDDo=
golang.org/x/crypto v0.39.0 h1:SHs+kF4LP+f+p14esP5jAoDpHU8Gu/v9lFRK6IT5imM=
golang.org/x/crypto v0.39.0/go.mod h1:L+Xg3Wf6HoL4Bn4238Z6ft6KfEpN0tJGo53AAPC632U=
golang.org/x/crypto v0.40.0 h1:r4x+VvoG5Fm+eJcxMaY8CQM7Lb0l1lsmjGBQ6s8BfKM=
golang.org/x/crypto v0.40.0/go.mod h1:Qr1vMER5WyS2dfPHAlsOj01wgLbsyWtFn/aY+5+ZdxY=
golang.org/x/net v0.41.0 h1:vBTly1HeNPEn3wtREYfy4GZ/NECgw2Cnl+nK6Nz3uvw=
golang.org/x/net v0.41.0/go.mod h1:B/K4NNqkfmg07DQYrbwvSluqCJOOXwUjeb/5lOisjbA=
golang.org/x/net v0.42.0 h1:jzkYrhi3YQWD6MLBJcsklgQsoAcw89EcZbJw8Z614hs=
golang.org/x/net v0.42.0/go.mod h1:FF1RA5d3u7nAYA4z2TkclSCKh68eSXtiFwcWQpPXdt8=
golang.org/x/oauth2 v0.30.0 h1:dnDm7JmhM45NNpd8FDDeLhK6FwqbOf4MLCM9zb1BOHI=
golang.org/x/oauth2 v0.30.0/go.mod h1:B++QgG3ZKulg6sRPGD/mqlHQs5rB3Ml9erfeDY7xKlU=
golang.org/x/sync v0.15.0 h1:KWH3jNZsfyT6xfAfKiz6MRNmd46ByHDYaZ7KSkCtdW8=
golang.org/x/sync v0.15.0/go.mod h1:1dzgHSNfp02xaA81J2MS99Qcpr2w7fw1gpm99rleRqA=
golang.org/x/sync v0.16.0 h1:ycBJEhp9p4vXvUZNszeOq0kGTPghopOL8q0fq3vstxw=
golang.org/x/sync v0.16.0/go.mod h1:1dzgHSNfp02xaA81J2MS99Qcpr2w7fw1gpm99rleRqA=
golang.org/x/sys v0.33.0 h1:q3i8TbbEz+JRD9ywIRlyRAQbM0qF7hu24q3teo2hbuw=
golang.org/x/sys v0.33.0/go.mod h1:BJP2sWEmIv4KK5OTEluFJCKSidICx8ciO85XgH3Ak8k=
golang.org/x/sys v0.34.0 h1:H5Y5sJ2L2JRdyv7ROF1he/lPdvFsd0mJHFw2ThKHxLA=
golang.org/x/sys v0.34.0/go.mod h1:BJP2sWEmIv4KK5OTEluFJCKSidICx8ciO85XgH3Ak8k=
golang.org/x/text v0.26.0 h1:P42AVeLghgTYr4+xUnTRKDMqpar+PtX7KWuNQL21L8M=
golang.org/x/text v0.26.0/go.mod h1:QK15LZJUUQVJxhz7wXgxSy/CJaTFjd0G+YLonydOVQA=
golang.org/x/text v0.27.0 h1:4fGWRpyh641NLlecmyl4LOe6yDdfaYNrGb2zdfo4JV4=
golang.org/x/text v0.27.0/go.mod h1:1D28KMCvyooCX9hBiosv5Tz/+YLxj0j7XhWjpSUF7CU=
golang.org/x/text v0.28.0 h1:rhazDwis8INMIwQ4tpjLDzUhx6RlXqZNPEM0huQojng=
golang.org/x/text v0.28.0/go.mod h1:U8nCwOR8jO/marOQ0QbDiOngZVEBB7MAiitBuMjXiNU=
golang.org/x/time v0.12.0 h1:ScB/8o8olJvc+CQPWrK3fPZNfh7qgwCrY0zJmoEQLSE=
golang.org/x/time v0.12.0/go.mod h1:CDIdPxbZBQxdj6cxyCIdrNogrJKMJ7pr37NYpMcMDSg=
google.golang.org/api v0.236.0 h1:CAiEiDVtO4D/Qja2IA9VzlFrgPnK3XVMmRoJZlSWbc0=
google.golang.org/api v0.236.0/go.mod h1:X1WF9CU2oTc+Jml1tiIxGmWFK/UZezdqEu09gcxZAj4=
google.golang.org/api v0.243.0 h1:sw+ESIJ4BVnlJcWu9S+p2Z6Qq1PjG77T8IJ1xtp4jZQ=
google.golang.org/api v0.243.0/go.mod h1:GE4QtYfaybx1KmeHMdBnNnyLzBZCVihGBXAmJu/uUr8=
google.golang.org/genproto v0.0.0-20250603155806-513f23925822 h1:rHWScKit0gvAPuOnu87KpaYtjK5zBMLcULh7gxkCXu4=
google.golang.org/genproto v0.0.0-20250603155806-513f23925822/go.mod h1:HubltRL7rMh0LfnQPkMH4NPDFEWp0jw3vixw7jEM53s=
google.golang.org/genproto/googleapis/api v0.0.0-20250603155806-513f23925822 h1:oWVWY3NzT7KJppx2UKhKmzPq4SRe0LdCijVRwvGeikY=
google.golang.org/genproto/googleapis/api v0.0.0-20250603155806-513f23925822/go.mod h1:h3c4v36UTKzUiuaOKQ6gr3S+0hovBtUrXzTG/i3+XEc=
google.golang.org/genproto/googleapis/api v0.0.0-20250721164621-a45f3dfb1074 h1:mVXdvnmR3S3BQOqHECm9NGMjYiRtEvDYcqAqedTXY6s=
google.golang.org/genproto/googleapis/api v0.0.0-20250721164621-a45f3dfb1074/go.mod h1:vYFwMYFbmA8vl6Z/krj/h7+U/AqpHknwJX4Uqgfyc7I=
google.golang.org/genproto/googleapis/rpc v0.0.0-20250603155806-513f23925822 h1:fc6jSaCT0vBduLYZHYrBBNY4dsWuvgyff9noRNDdBeE=
google.golang.org/genproto/googleapis/rpc v0.0.0-20250603155806-513f23925822/go.mod h1:qQ0YXyHHx3XkvlzUtpXDkS29lDSafHMZBAZDc03LQ3A=
google.golang.org/genproto/googleapis/rpc v0.0.0-20250721164621-a45f3dfb1074 h1:qJW29YvkiJmXOYMu5Tf8lyrTp3dOS+K4z6IixtLaCf8=
google.golang.org/genproto/googleapis/rpc v0.0.0-20250721164621-a45f3dfb1074/go.mod h1:qQ0YXyHHx3XkvlzUtpXDkS29lDSafHMZBAZDc03LQ3A=
google.golang.org/grpc v1.73.0 h1:VIWSmpI2MegBtTuFt5/JWy2oXxtjJ/e89Z70ImfD2ok=
google.golang.org/grpc v1.73.0/go.mod h1:50sbHOUqWoCQGI8V2HQLJM0B+LMlIUjNSZmow7EVBQc=
google.golang.org/grpc v1.74.2 h1:WoosgB65DlWVC9FqI82dGsZhWFNBSLjQ84bjROOpMu4=
google.golang.org/grpc v1.74.2/go.mod h1:CtQ+BGjaAIXHs/5YS3i473GqwBBa1zGQNevxdeBEXrM=
google.golang.org/protobuf v1.36.6 h1:z1NpPI8ku2WgiWnf+t9wTPsn6eP1L7ksHUlkfLvd9xY=
google.golang.org/protobuf v1.36.6/go.mod h1:jduwjTPXsFjZGTmRluh+L6NjiWu7pchiJ2/5YcXBHnY=
gopkg.in/check.v1 v0.0.0-20161208181325-20d25e280405/go.mod h1:Co6ibVJAznAaIkqp8huTwlJQCZ016jof/cbN4VW5Yz0=
gopkg.in/yaml.v3 v3.0.1 h1:fxVm/GzAzEWqLHuvctI91KS9hhNmmWOoWu0XTYJS7CA=
gopkg.in/yaml.v3 v3.0.1/go.mod h1:K4uyk7z7BCEPqu6E+C64Yfv1cQ7kz7rIZviUmN+EgEM=
